version = 1
revision = 2
requires-python = ">=3.12"

[[package]]
name = "asgiref"
version = "3.8.1"
source = { registry = "https://pypi.org/simple" }
sdist = { url = "https://files.pythonhosted.org/packages/29/38/b3395cc9ad1b56d2ddac9970bc8f4141312dbaec28bc7c218b0dfafd0f42/asgiref-3.8.1.tar.gz", hash = "sha256:c343bd80a0bec947a9860adb4c432ffa7db769836c64238fc34bdc3fec84d590", size = 35186, upload-time = "2024-03-22T14:39:36.863Z" }
wheels = [
    { url = "https://files.pythonhosted.org/packages/39/e3/893e8757be2612e6c266d9bb58ad2e3651524b5b40cf56761e985a28b13e/asgiref-3.8.1-py3-none-any.whl", hash = "sha256:3e1e3ecc849832fe52ccf2cb6686b7a55f82bb1d6aee72a58826471390335e47", size = 23828, upload-time = "2024-03-22T14:39:34.521Z" },
]

[[package]]
name = "django"
version = "5.2.2"
source = { registry = "https://pypi.org/simple" }
dependencies = [
    { name = "asgiref" },
    { name = "sqlparse" },
    { name = "tzdata", marker = "sys_platform == 'win32'" },
]
sdist = { url = "https://files.pythonhosted.org/packages/39/17/4567ee12bb84114c544d5c4a792e7226db517ac78f552111e9dc62d1de14/django-5.2.2.tar.gz", hash = "sha256:85852e517f84435e9b13421379cd6c43ef5b48a9c8b391d29a26f7900967e952", size = 10827542, upload-time = "2025-06-04T13:52:40.879Z" }
wheels = [
    { url = "https://files.pythonhosted.org/packages/b4/5c/5d00acab6c062b154e5a0f092938ae5a0c698dbc4362b68e23200960f32c/django-5.2.2-py3-none-any.whl", hash = "sha256:997ef2162d04ead6869551b22cde4e06da1f94cf595f4af3f3d3afeae1f3f6fe", size = 8302562, upload-time = "2025-06-04T13:52:33.14Z" },
]

[[package]]
name = "django-filter"
version = "25.1"
source = { registry = "https://pypi.org/simple" }
dependencies = [
    { name = "django" },
]
sdist = { url = "https://files.pythonhosted.org/packages/b5/40/c702a6fe8cccac9bf426b55724ebdf57d10a132bae80a17691d0cf0b9bac/django_filter-25.1.tar.gz", hash = "sha256:1ec9eef48fa8da1c0ac9b411744b16c3f4c31176c867886e4c48da369c407153", size = 143021, upload-time = "2025-02-14T16:30:53.238Z" }
wheels = [
    { url = "https://files.pythonhosted.org/packages/07/a6/70dcd68537c434ba7cb9277d403c5c829caf04f35baf5eb9458be251e382/django_filter-25.1-py3-none-any.whl", hash = "sha256:4fa48677cf5857b9b1347fed23e355ea792464e0fe07244d1fdfb8a806215b80", size = 94114, upload-time = "2025-02-14T16:30:50.435Z" },
]

[[package]]
name = "django-silk"
version = "5.4.0"
source = { registry = "https://pypi.org/simple" }
dependencies = [
    { name = "django" },
    { name = "gprof2dot" },
    { name = "sqlparse" },
]
sdist = { url = "https://files.pythonhosted.org/packages/70/9d/b638031cc89ce79cc1d46f27c3a5cc6c2e6aaedab4be6f8238d51c08c58f/django_silk-5.4.0.tar.gz", hash = "sha256:2247870ac8080b6c6c5db17f2f1042d39d95e4a5fa061d661882777ec9adb672", size = 4494394, upload-time = "2025-06-01T23:22:23.915Z" }
wheels = [
    { url = "https://files.pythonhosted.org/packages/3e/fc/ad0f20a97d56e36c6bd7c785b7e158be5b78597665a9312d3de7c7d672e2/django_silk-5.4.0-py3-none-any.whl", hash = "sha256:caf720a06e24a6cf1acf825c1868b2a6ece8158b13725363f6d3a1a9994d0fa6", size = 1944115, upload-time = "2025-06-01T23:22:38.845Z" },
]

[[package]]
name = "djangorestframework"
version = "3.16.0"
source = { registry = "https://pypi.org/simple" }
dependencies = [
    { name = "django" },
]
sdist = { url = "https://files.pythonhosted.org/packages/7d/97/112c5a72e6917949b6d8a18ad6c6e72c46da4290c8f36ee5f1c1dcbc9901/djangorestframework-3.16.0.tar.gz", hash = "sha256:f022ff46613584de994c0c6a4aebbace5fd700555fbe9d33b865ebf173eba6c9", size = 1068408, upload-time = "2025-03-28T14:18:42.065Z" }
wheels = [
    { url = "https://files.pythonhosted.org/packages/eb/3e/2448e93f4f87fc9a9f35e73e3c05669e0edd0c2526834686e949bb1fd303/djangorestframework-3.16.0-py3-none-any.whl", hash = "sha256:bea7e9f6b96a8584c5224bfb2e4348dfb3f8b5e34edbecb98da258e892089361", size = 1067305, upload-time = "2025-03-28T14:18:39.489Z" },
]

[[package]]
name = "gprof2dot"
version = "2025.4.14"
source = { registry = "https://pypi.org/simple" }
sdist = { url = "https://files.pythonhosted.org/packages/bb/fd/cad13fa1f7a463a607176432c4affa33ea162f02f58cc36de1d40d3e6b48/gprof2dot-2025.4.14.tar.gz", hash = "sha256:35743e2d2ca027bf48fa7cba37021aaf4a27beeae1ae8e05a50b55f1f921a6ce", size = 39536, upload-time = "2025-04-14T07:21:45.76Z" }
wheels = [
    { url = "https://files.pythonhosted.org/packages/71/ed/89d760cb25279109b89eb52975a7b5479700d3114a2421ce735bfb2e7513/gprof2dot-2025.4.14-py3-none-any.whl", hash = "sha256:0742e4c0b4409a5e8777e739388a11e1ed3750be86895655312ea7c20bd0090e", size = 37555, upload-time = "2025-04-14T07:21:43.319Z" },
]

[[package]]
name = "sqlparse"
version = "0.5.3"
source = { registry = "https://pypi.org/simple" }
sdist = { url = "https://files.pythonhosted.org/packages/e5/40/edede8dd6977b0d3da179a342c198ed100dd2aba4be081861ee5911e4da4/sqlparse-0.5.3.tar.gz", hash = "sha256:09f67787f56a0b16ecdbde1bfc7f5d9c3371ca683cfeaa8e6ff60b4807ec9272", size = 84999, upload-time = "2024-12-10T12:05:30.728Z" }
wheels = [
    { url = "https://files.pythonhosted.org/packages/a9/5c/bfd6bd0bf979426d405cc6e71eceb8701b148b16c21d2dc3c261efc61c7b/sqlparse-0.5.3-py3-none-any.whl", hash = "sha256:cf2196ed3418f3ba5de6af7e82c694a9fbdbfecccdfc72e281548517081f16ca", size = 44415, upload-time = "2024-12-10T12:05:27.824Z" },
]

[[package]]
name = "tzdata"
version = "2025.2"
source = { registry = "https://pypi.org/simple" }
sdist = { url = "https://files.pythonhosted.org/packages/95/32/1a225d6164441be760d75c2c42e2780dc0873fe382da3e98a2e1e48361e5/tzdata-2025.2.tar.gz", hash = "sha256:b60a638fcc0daffadf82fe0f57e53d06bdec2f36c4df66280ae79bce6bd6f2b9", size = 196380, upload-time = "2025-03-23T13:54:43.652Z" }
wheels = [
    { url = "https://files.pythonhosted.org/packages/5c/23/c7abc0ca0a1526a0774eca151daeb8de62ec457e77262b66b359c3c7679e/tzdata-2025.2-py2.py3-none-any.whl", hash = "sha256:1a403fada01ff9221ca8044d701868fa132215d84beb92242d9acd2147f667a8", size = 347839, upload-time = "2025-03-23T13:54:41.845Z" },
]

[[package]]
name = "url-shortner"
version = "0.1.0"
source = { virtual = "." }
dependencies = [
    { name = "django" },
    { name = "django-filter" },
    { name = "djangorestframework" },
]

[package.dev-dependencies]
dev = [
    { name = "django-silk" },
]

[package.metadata]
requires-dist = [
    { name = "django", specifier = ">=5.2.2" },
    { name = "django-filter", specifier = ">=25.1" },
    { name = "djangorestframework", specifier = ">=3.16.0" },
]

[package.metadata.requires-dev]
dev = [{ name = "django-silk", specifier = ">=5.4.0" }]
